
Microsoft Visual Studio Solution File, Format Version 12.00
# Visual Studio Version 16
VisualStudioVersion = 16.0.31729.503
MinimumVisualStudioVersion = 10.0.40219.1
Project("{FAE04EC0-301F-11D3-BF4B-00C04F79EFBC}") = "Quiz2021", "Quiz2021.csproj", "{1C25A4AA-98C2-4997-8CA0-0719F565AECB}"
EndProject
Global
	GlobalSection(SolutionConfigurationPlatforms) = preSolution
		Debug|Any CPU = Debug|Any CPU
		Release|Any CPU = Release|Any CPU
	EndGlobalSection
	GlobalSection(ProjectConfigurationPlatforms) = postSolution
		{1C25A4AA-98C2-4997-8CA0-0719F565AECB}.Debug|Any CPU.ActiveCfg = Debug|Any CPU
		{1C25A4AA-98C2-4997-8CA0-0719F565AECB}.Debug|Any CPU.Build.0 = Debug|Any CPU
		{1C25A4AA-98C2-4997-8CA0-0719F565AECB}.Release|Any CPU.ActiveCfg = Release|Any CPU
		{1C25A4AA-98C2-4997-8CA0-0719F565AECB}.Release|Any CPU.Build.0 = Release|Any CPU
	EndGlobalSection
	GlobalSection(SolutionProperties) = preSolution
		HideSolutionNode = FALSE
	EndGlobalSection
	GlobalSection(ExtensibilityGlobals) = postSolution
		SolutionGuid = {DD4BBD56-B60A-4597-AE44-47335939A846}
	EndGlobalSection
EndGlobal
